
Microsoft Visual Studio Solution File, Format Version 12.00
# Visual Studio Version 16
VisualStudioVersion = 16.0.31624.102
MinimumVisualStudioVersion = 10.0.40219.1
Project("{FAE04EC0-301F-11D3-BF4B-00C04F79EFBC}") = "CartManagement.API", "CartManagement.API\CartManagement.API.csproj", "{FA68B711-45CC-45C7-A64E-D4C79E2BBD53}"
EndProject
Project("{FAE04EC0-301F-11D3-BF4B-00C04F79EFBC}") = "CartManagement.Core", "CartManagement.Core\CartManagement.Core.csproj", "{169A809F-4208-411A-9C06-B3C8FB7B35E7}"
EndProject
Project("{FAE04EC0-301F-11D3-BF4B-00C04F79EFBC}") = "CartManagement.Data", "CartManagement.Data\CartManagement.Data.csproj", "{8FF9CAA2-D5C0-4BD8-93E9-F1FC3FCBA0B9}"
EndProject
Project("{FAE04EC0-301F-11D3-BF4B-00C04F79EFBC}") = "CartManagement.Service", "CartManagement.Service\CartManagement.Service.csproj", "{A8159497-3D76-46D3-BB35-DCBC3B943BE3}"
EndProject
Project("{FAE04EC0-301F-11D3-BF4B-00C04F79EFBC}") = "CartManagement.UnitTest", "CartManagement.UnitTest\CartManagement.UnitTest.csproj", "{93F53D49-B3F2-4BBC-BF27-969F14A13E05}"
EndProject
Global
	GlobalSection(SolutionConfigurationPlatforms) = preSolution
		Debug|Any CPU = Debug|Any CPU
		Release|Any CPU = Release|Any CPU
	EndGlobalSection
	GlobalSection(ProjectConfigurationPlatforms) = postSolution
		{FA68B711-45CC-45C7-A64E-D4C79E2BBD53}.Debug|Any CPU.ActiveCfg = Debug|Any CPU
		{FA68B711-45CC-45C7-A64E-D4C79E2BBD53}.Debug|Any CPU.Build.0 = Debug|Any CPU
		{FA68B711-45CC-45C7-A64E-D4C79E2BBD53}.Release|Any CPU.ActiveCfg = Release|Any CPU
		{FA68B711-45CC-45C7-A64E-D4C79E2BBD53}.Release|Any CPU.Build.0 = Release|Any CPU
		{169A809F-4208-411A-9C06-B3C8FB7B35E7}.Debug|Any CPU.ActiveCfg = Debug|Any CPU
		{169A809F-4208-411A-9C06-B3C8FB7B35E7}.Debug|Any CPU.Build.0 = Debug|Any CPU
		{169A809F-4208-411A-9C06-B3C8FB7B35E7}.Release|Any CPU.ActiveCfg = Release|Any CPU
		{169A809F-4208-411A-9C06-B3C8FB7B35E7}.Release|Any CPU.Build.0 = Release|Any CPU
		{8FF9CAA2-D5C0-4BD8-93E9-F1FC3FCBA0B9}.Debug|Any CPU.ActiveCfg = Debug|Any CPU
		{8FF9CAA2-D5C0-4BD8-93E9-F1FC3FCBA0B9}.Debug|Any CPU.Build.0 = Debug|Any CPU
		{8FF9CAA2-D5C0-4BD8-93E9-F1FC3FCBA0B9}.Release|Any CPU.ActiveCfg = Release|Any CPU
		{8FF9CAA2-D5C0-4BD8-93E9-F1FC3FCBA0B9}.Release|Any CPU.Build.0 = Release|Any CPU
		{A8159497-3D76-46D3-BB35-DCBC3B943BE3}.Debug|Any CPU.ActiveCfg = Debug|Any CPU
		{A8159497-3D76-46D3-BB35-DCBC3B943BE3}.Debug|Any CPU.Build.0 = Debug|Any CPU
		{A8159497-3D76-46D3-BB35-DCBC3B943BE3}.Release|Any CPU.ActiveCfg = Release|Any CPU
		{A8159497-3D76-46D3-BB35-DCBC3B943BE3}.Release|Any CPU.Build.0 = Release|Any CPU
		{93F53D49-B3F2-4BBC-BF27-969F14A13E05}.Debug|Any CPU.ActiveCfg = Debug|Any CPU
		{93F53D49-B3F2-4BBC-BF27-969F14A13E05}.Debug|Any CPU.Build.0 = Debug|Any CPU
		{93F53D49-B3F2-4BBC-BF27-969F14A13E05}.Release|Any CPU.ActiveCfg = Release|Any CPU
		{93F53D49-B3F2-4BBC-BF27-969F14A13E05}.Release|Any CPU.Build.0 = Release|Any CPU
	EndGlobalSection
	GlobalSection(SolutionProperties) = preSolution
		HideSolutionNode = FALSE
	EndGlobalSection
	GlobalSection(ExtensibilityGlobals) = postSolution
		SolutionGuid = {D7DFBA87-14D0-492C-8871-CB795714E506}
	EndGlobalSection
EndGlobal
